<?xml version="1.0" encoding="utf-8"?>
<Project ToolsVersion="4.0" xmlns="http://schemas.microsoft.com/developer/msbuild/2003">
  <ItemGroup>
    <Filter Include="소스 파일">
      <UniqueIdentifier>{4FC737F1-C7A5-4376-A066-2A32D752A2FF}</UniqueIdentifier>
      <Extensions>cpp;c;cc;cxx;c++;cppm;ixx;def;odl;idl;hpj;bat;asm;asmx</Extensions>
    </Filter>
    <Filter Include="헤더 파일">
      <UniqueIdentifier>{93995380-89BD-4b04-88EB-625FBE52EBFB}</UniqueIdentifier>
      <Extensions>h;hh;hpp;hxx;h++;hm;inl;inc;ipp;xsd</Extensions>
    </Filter>
    <Filter Include="리소스 파일">
      <UniqueIdentifier>{67DA6AB6-F800-4c08-8B7A-83BB121AAD01}</UniqueIdentifier>
      <Extensions>rc;ico;cur;bmp;dlg;rc2;rct;bin;rgs;gif;jpg;jpeg;jpe;resx;tiff;tif;png;wav;mfcribbon-ms</Extensions>
    </Filter>
    <Filter Include="headers">
      <UniqueIdentifier>{81ddb4dd-7de6-4254-975f-115e5ad44946}</UniqueIdentifier>
    </Filter>
    <Filter Include="시간의방">
      <UniqueIdentifier>{caaae31c-9028-41af-862d-a04767e0ace3}</UniqueIdentifier>
    </Filter>
    <Filter Include="game_framwork">
      <UniqueIdentifier>{a2601354-d533-41b8-8573-98245e4c5985}</UniqueIdentifier>
    </Filter>
    <Filter Include="네 씬입니다 제가">
      <UniqueIdentifier>{f30fcd23-ef94-4d2f-98f5-2afb895e064c}</UniqueIdentifier>
    </Filter>
    <Filter Include="텍스쳐들">
      <UniqueIdentifier>{ad8562a4-e366-42f2-afbf-1409b1dfe116}</UniqueIdentifier>
    </Filter>
    <Filter Include="텍스쳐들\static_model">
      <UniqueIdentifier>{2db1ca46-62ce-4c0e-8d8d-9057b1eb07bf}</UniqueIdentifier>
    </Filter>
    <Filter Include="텍스쳐들\animated_model">
      <UniqueIdentifier>{ae744740-333e-4897-97d0-9125f0042fe3}</UniqueIdentifier>
    </Filter>
    <Filter Include="미로">
      <UniqueIdentifier>{049770b2-225d-42f8-947e-035f951bacb1}</UniqueIdentifier>
    </Filter>
    <Filter Include="충돌처리">
      <UniqueIdentifier>{bc3b7f76-ea31-45a1-a6d3-6896dedb414c}</UniqueIdentifier>
    </Filter>
    <Filter Include="Mesh">
      <UniqueIdentifier>{19c18529-7a8a-4a58-8d42-7398466ba1df}</UniqueIdentifier>
    </Filter>
    <Filter Include="양현빈의 장난감박스">
      <UniqueIdentifier>{fc13b0a1-391e-4612-a061-def3c53ed341}</UniqueIdentifier>
    </Filter>
    <Filter Include="지금부터는 카메라 타임">
      <UniqueIdentifier>{801a017d-6fd4-4abb-9c00-fc862976f94c}</UniqueIdentifier>
    </Filter>
    <Filter Include="과녁">
      <UniqueIdentifier>{f626acc1-d953-4fc3-bd13-edf1e5167a81}</UniqueIdentifier>
    </Filter>
    <Filter Include="보물상자">
      <UniqueIdentifier>{96c6c060-7705-44f4-97da-d2a61d8a4987}</UniqueIdentifier>
    </Filter>
    <Filter Include="ui임 ㅇㅅㅇ">
      <UniqueIdentifier>{0d04c626-329f-4251-8a94-4dd290c0bf1a}</UniqueIdentifier>
    </Filter>
    <Filter Include="텍스트임 ㅇㅅㅇ">
      <UniqueIdentifier>{290661ad-bf5d-4bc6-8cf3-bdfc400043ff}</UniqueIdentifier>
    </Filter>
    <Filter Include="가랏 몬스터볼 너희 엄마를 잡아">
      <UniqueIdentifier>{6e37f9d4-7c30-40bc-bfec-d0fc742d9d13}</UniqueIdentifier>
    </Filter>
    <Filter Include="스벅%28스카이 벅스라는 뜻 ㅋㅋㅋ fuck you%29">
      <UniqueIdentifier>{b8752916-d7f3-406e-b82d-bca2dbecf0a3}</UniqueIdentifier>
    </Filter>
    <Filter Include="눈 마주치면 포켓몬 승부">
      <UniqueIdentifier>{43779d6b-12a8-4988-9845-3f3cf2f7bb45}</UniqueIdentifier>
    </Filter>
    <Filter Include="소리가 나는 새는%3f 소리새 ㅋㅋㅋㅋㅋㅋㅋㅋㅋ 웃어 ㅋㅋㅋ 웃으라고">
      <UniqueIdentifier>{4f51e7ad-5d10-40b7-90f6-fa2122cad623}</UniqueIdentifier>
    </Filter>
    <Filter Include="우미은우미탈 아이도루">
      <UniqueIdentifier>{ab730e21-d70d-4946-ac4c-d05bca36646c}</UniqueIdentifier>
    </Filter>
    <Filter Include="귀속">
      <UniqueIdentifier>{4e9277db-ca23-4f4e-b069-aff3317be01c}</UniqueIdentifier>
    </Filter>
  </ItemGroup>
  <ItemGroup>
    <ClInclude Include="headers.h">
      <Filter>headers</Filter>
    </ClInclude>
    <ClInclude Include="animated_model.h">
      <Filter>텍스쳐들\animated_model</Filter>
    </ClInclude>
    <ClInclude Include="static_model.h">
      <Filter>텍스쳐들\static_model</Filter>
    </ClInclude>
    <ClInclude Include="silver_wolf.h">
      <Filter>우미은우미탈 아이도루</Filter>
    </ClInclude>
    <ClInclude Include="GameTimer.h">
      <Filter>시간의방</Filter>
    </ClInclude>
    <ClInclude Include="game_framwork.h">
      <Filter>game_framwork</Filter>
    </ClInclude>
    <ClInclude Include="resource.h">
      <Filter>리소스 파일</Filter>
    </ClInclude>
    <ClInclude Include="scene_manager.h">
      <Filter>네 씬입니다 제가</Filter>
    </ClInclude>
    <ClInclude Include="logo_mode.h">
      <Filter>네 씬입니다 제가</Filter>
    </ClInclude>
    <ClInclude Include="title_mode.h">
      <Filter>네 씬입니다 제가</Filter>
    </ClInclude>
    <ClInclude Include="option_mode.h">
      <Filter>네 씬입니다 제가</Filter>
    </ClInclude>
    <ClInclude Include="game_mode.h">
      <Filter>네 씬입니다 제가</Filter>
    </ClInclude>
    <ClInclude Include="texture.h">
      <Filter>텍스쳐들</Filter>
    </ClInclude>
    <ClInclude Include="maze.h">
      <Filter>미로</Filter>
    </ClInclude>
    <ClInclude Include="collision.h">
      <Filter>충돌처리</Filter>
    </ClInclude>
    <ClInclude Include="allmesh.h">
      <Filter>Mesh</Filter>
    </ClInclude>
    <ClInclude Include="toy.h">
      <Filter>양현빈의 장난감박스</Filter>
    </ClInclude>
    <ClInclude Include="state_machine.h">
      <Filter>우미은우미탈 아이도루</Filter>
    </ClInclude>
    <ClInclude Include="silver_wolf_state.h">
      <Filter>우미은우미탈 아이도루</Filter>
    </ClInclude>
    <ClInclude Include="camera.h">
      <Filter>지금부터는 카메라 타임</Filter>
    </ClInclude>
    <ClInclude Include="target.h">
      <Filter>과녁</Filter>
    </ClInclude>
    <ClInclude Include="chest.h">
      <Filter>보물상자</Filter>
    </ClInclude>
    <ClInclude Include="text.h">
      <Filter>텍스트임 ㅇㅅㅇ</Filter>
    </ClInclude>
    <ClInclude Include="image.h">
      <Filter>ui임 ㅇㅅㅇ</Filter>
    </ClInclude>
    <ClInclude Include="ball.h">
      <Filter>가랏 몬스터볼 너희 엄마를 잡아</Filter>
    </ClInclude>
    <ClInclude Include="skybox.h">
      <Filter>스벅%28스카이 벅스라는 뜻 ㅋㅋㅋ fuck you%29</Filter>
    </ClInclude>
    <ClInclude Include="trainer.h">
      <Filter>눈 마주치면 포켓몬 승부</Filter>
    </ClInclude>
    <ClInclude Include="trainer_state.h">
      <Filter>눈 마주치면 포켓몬 승부</Filter>
    </ClInclude>
    <ClInclude Include="trainer_state_machine.h">
      <Filter>눈 마주치면 포켓몬 승부</Filter>
    </ClInclude>
    <ClInclude Include="sound_manager.h">
      <Filter>소리가 나는 새는%3f 소리새 ㅋㅋㅋㅋㅋㅋㅋㅋㅋ 웃어 ㅋㅋㅋ 웃으라고</Filter>
    </ClInclude>
    <ClInclude Include="account.h">
      <Filter>귀속</Filter>
    </ClInclude>
  </ItemGroup>
  <ItemGroup>
    <ClCompile Include="animated_model.cpp">
      <Filter>텍스쳐들\animated_model</Filter>
    </ClCompile>
    <ClCompile Include="static_model.cpp">
      <Filter>텍스쳐들\static_model</Filter>
    </ClCompile>
    <ClCompile Include="headers.cpp">
      <Filter>headers</Filter>
    </ClCompile>
    <ClCompile Include="silver_wolf.cpp">
      <Filter>우미은우미탈 아이도루</Filter>
    </ClCompile>
    <ClCompile Include="GameTimer.cpp">
      <Filter>시간의방</Filter>
    </ClCompile>
    <ClCompile Include="scene_manager.cpp">
      <Filter>네 씬입니다 제가</Filter>
    </ClCompile>
    <ClCompile Include="logo_mode.cpp">
      <Filter>네 씬입니다 제가</Filter>
    </ClCompile>
    <ClCompile Include="title_mode.cpp">
      <Filter>네 씬입니다 제가</Filter>
    </ClCompile>
    <ClCompile Include="option_mode.cpp">
      <Filter>네 씬입니다 제가</Filter>
    </ClCompile>
    <ClCompile Include="game_mode.cpp">
      <Filter>네 씬입니다 제가</Filter>
    </ClCompile>
    <ClCompile Include="resource.cpp">
      <Filter>리소스 파일</Filter>
    </ClCompile>
    <ClCompile Include="texture.cpp">
      <Filter>텍스쳐들</Filter>
    </ClCompile>
    <ClCompile Include="maze.cpp">
      <Filter>미로</Filter>
    </ClCompile>
    <ClCompile Include="collision.cpp">
      <Filter>충돌처리</Filter>
    </ClCompile>
    <ClCompile Include="toy.cpp">
      <Filter>양현빈의 장난감박스</Filter>
    </ClCompile>
    <ClCompile Include="camera.cpp">
      <Filter>지금부터는 카메라 타임</Filter>
    </ClCompile>
    <ClCompile Include="main.cpp">
      <Filter>소스 파일</Filter>
    </ClCompile>
    <ClCompile Include="target.cpp">
      <Filter>과녁</Filter>
    </ClCompile>
    <ClCompile Include="chest.cpp">
      <Filter>보물상자</Filter>
    </ClCompile>
    <ClCompile Include="text.cpp">
      <Filter>텍스트임 ㅇㅅㅇ</Filter>
    </ClCompile>
    <ClCompile Include="image.cpp">
      <Filter>ui임 ㅇㅅㅇ</Filter>
    </ClCompile>
    <ClCompile Include="텍스트 이미지 .cpp">
      <Filter>양현빈의 장난감박스</Filter>
    </ClCompile>
    <ClCompile Include="ball.cpp">
      <Filter>가랏 몬스터볼 너희 엄마를 잡아</Filter>
    </ClCompile>
    <ClCompile Include="skybox.cpp">
      <Filter>스벅%28스카이 벅스라는 뜻 ㅋㅋㅋ fuck you%29</Filter>
    </ClCompile>
    <ClCompile Include="trainer.cpp">
      <Filter>눈 마주치면 포켓몬 승부</Filter>
    </ClCompile>
    <ClCompile Include="sound_manager.cpp">
      <Filter>소리가 나는 새는%3f 소리새 ㅋㅋㅋㅋㅋㅋㅋㅋㅋ 웃어 ㅋㅋㅋ 웃으라고</Filter>
    </ClCompile>
    <ClCompile Include="account.cpp">
      <Filter>귀속</Filter>
    </ClCompile>
  </ItemGroup>
  <ItemGroup>
    <None Include="animated_vertex.glsl">
      <Filter>헤더 파일</Filter>
    </None>
    <None Include="fragment.glsl">
      <Filter>헤더 파일</Filter>
    </None>
    <None Include="static_vertex.glsl">
      <Filter>헤더 파일</Filter>
    </None>
    <None Include="fragment_image.glsl">
      <Filter>헤더 파일</Filter>
    </None>
    <None Include="fragment_text.glsl">
      <Filter>헤더 파일</Filter>
    </None>
    <None Include="vertex_image.glsl">
      <Filter>헤더 파일</Filter>
    </None>
    <None Include="vertex_text.glsl">
      <Filter>헤더 파일</Filter>
    </None>
    <None Include="vertex_sky.glsl">
      <Filter>헤더 파일</Filter>
    </None>
    <None Include="fragment_sky.glsl">
      <Filter>헤더 파일</Filter>
    </None>
  </ItemGroup>
</Project>