<?xml version="1.0" encoding="utf-8"?>
<Project ToolsVersion="4.0" xmlns="http://schemas.microsoft.com/developer/msbuild/2003">
  <ItemGroup>
    <Filter Include="소스 파일">
      <UniqueIdentifier>{4FC737F1-C7A5-4376-A066-2A32D752A2FF}</UniqueIdentifier>
      <Extensions>cpp;c;cc;cxx;c++;cppm;ixx;def;odl;idl;hpj;bat;asm;asmx</Extensions>
    </Filter>
    <Filter Include="헤더 파일">
      <UniqueIdentifier>{93995380-89BD-4b04-88EB-625FBE52EBFB}</UniqueIdentifier>
      <Extensions>h;hh;hpp;hxx;h++;hm;inl;inc;ipp;xsd</Extensions>
    </Filter>
    <Filter Include="리소스 파일">
      <UniqueIdentifier>{67DA6AB6-F800-4c08-8B7A-83BB121AAD01}</UniqueIdentifier>
      <Extensions>rc;ico;cur;bmp;dlg;rc2;rct;bin;rgs;gif;jpg;jpeg;jpe;resx;tiff;tif;png;wav;mfcribbon-ms</Extensions>
    </Filter>
    <Filter Include="headers">
      <UniqueIdentifier>{81ddb4dd-7de6-4254-975f-115e5ad44946}</UniqueIdentifier>
    </Filter>
    <Filter Include="우미은우미탈 주인공">
      <UniqueIdentifier>{ab730e21-d70d-4946-ac4c-d05bca36646c}</UniqueIdentifier>
    </Filter>
    <Filter Include="시간의방">
      <UniqueIdentifier>{caaae31c-9028-41af-862d-a04767e0ace3}</UniqueIdentifier>
    </Filter>
    <Filter Include="game_framwork">
      <UniqueIdentifier>{a2601354-d533-41b8-8573-98245e4c5985}</UniqueIdentifier>
    </Filter>
    <Filter Include="네 씬입니다 제가">
      <UniqueIdentifier>{f30fcd23-ef94-4d2f-98f5-2afb895e064c}</UniqueIdentifier>
    </Filter>
    <Filter Include="텍스쳐들">
      <UniqueIdentifier>{ad8562a4-e366-42f2-afbf-1409b1dfe116}</UniqueIdentifier>
    </Filter>
    <Filter Include="텍스쳐들\static_model">
      <UniqueIdentifier>{2db1ca46-62ce-4c0e-8d8d-9057b1eb07bf}</UniqueIdentifier>
    </Filter>
    <Filter Include="텍스쳐들\animated_model">
      <UniqueIdentifier>{ae744740-333e-4897-97d0-9125f0042fe3}</UniqueIdentifier>
    </Filter>
    <Filter Include="미로">
      <UniqueIdentifier>{049770b2-225d-42f8-947e-035f951bacb1}</UniqueIdentifier>
    </Filter>
    <Filter Include="충돌처리">
      <UniqueIdentifier>{bc3b7f76-ea31-45a1-a6d3-6896dedb414c}</UniqueIdentifier>
    </Filter>
  </ItemGroup>
  <ItemGroup>
    <ClInclude Include="headers.h">
      <Filter>headers</Filter>
    </ClInclude>
    <ClInclude Include="animated_model.h">
      <Filter>텍스쳐들\animated_model</Filter>
    </ClInclude>
    <ClInclude Include="static_model.h">
      <Filter>텍스쳐들\static_model</Filter>
    </ClInclude>
    <ClInclude Include="silver_wolf.h">
      <Filter>우미은우미탈 주인공</Filter>
    </ClInclude>
    <ClInclude Include="GameTimer.h">
      <Filter>시간의방</Filter>
    </ClInclude>
    <ClInclude Include="game_framwork.h">
      <Filter>game_framwork</Filter>
    </ClInclude>
    <ClInclude Include="resource.h">
      <Filter>리소스 파일</Filter>
    </ClInclude>
    <ClInclude Include="scene_manager.h">
      <Filter>네 씬입니다 제가</Filter>
    </ClInclude>
    <ClInclude Include="logo_mode.h">
      <Filter>네 씬입니다 제가</Filter>
    </ClInclude>
    <ClInclude Include="title_mode.h">
      <Filter>네 씬입니다 제가</Filter>
    </ClInclude>
    <ClInclude Include="option_mode.h">
      <Filter>네 씬입니다 제가</Filter>
    </ClInclude>
    <ClInclude Include="game_mode.h">
      <Filter>네 씬입니다 제가</Filter>
    </ClInclude>
    <ClInclude Include="texture.h">
      <Filter>텍스쳐들</Filter>
    </ClInclude>
    <ClInclude Include="maze.h">
      <Filter>미로</Filter>
    </ClInclude>
    <ClInclude Include="collision.h">
      <Filter>충돌처리</Filter>
    </ClInclude>
  </ItemGroup>
  <ItemGroup>
    <ClCompile Include="main.cpp">
      <Filter>소스 파일</Filter>
    </ClCompile>
    <ClCompile Include="animated_model.cpp">
      <Filter>텍스쳐들\animated_model</Filter>
    </ClCompile>
    <ClCompile Include="static_model.cpp">
      <Filter>텍스쳐들\static_model</Filter>
    </ClCompile>
    <ClCompile Include="headers.cpp">
      <Filter>headers</Filter>
    </ClCompile>
    <ClCompile Include="silver_wolf.cpp">
      <Filter>우미은우미탈 주인공</Filter>
    </ClCompile>
    <ClCompile Include="GameTimer.cpp">
      <Filter>시간의방</Filter>
    </ClCompile>
    <ClCompile Include="scene_manager.cpp">
      <Filter>네 씬입니다 제가</Filter>
    </ClCompile>
    <ClCompile Include="logo_mode.cpp">
      <Filter>네 씬입니다 제가</Filter>
    </ClCompile>
    <ClCompile Include="title_mode.cpp">
      <Filter>네 씬입니다 제가</Filter>
    </ClCompile>
    <ClCompile Include="option_mode.cpp">
      <Filter>네 씬입니다 제가</Filter>
    </ClCompile>
    <ClCompile Include="game_mode.cpp">
      <Filter>네 씬입니다 제가</Filter>
    </ClCompile>
    <ClCompile Include="resource.cpp">
      <Filter>리소스 파일</Filter>
    </ClCompile>
    <ClCompile Include="texture.cpp">
      <Filter>텍스쳐들</Filter>
    </ClCompile>
    <ClCompile Include="maze.cpp">
      <Filter>미로</Filter>
    </ClCompile>
    <ClCompile Include="collision.cpp">
      <Filter>충돌처리</Filter>
    </ClCompile>
  </ItemGroup>
  <ItemGroup>
    <None Include="animated_vertex.glsl">
      <Filter>헤더 파일</Filter>
    </None>
    <None Include="fragment.glsl">
      <Filter>헤더 파일</Filter>
    </None>
    <None Include="static_vertex.glsl">
      <Filter>헤더 파일</Filter>
    </None>
  </ItemGroup>
</Project>