<?xml version="1.0" encoding="utf-8"?>
<Project ToolsVersion="4.0" xmlns="http://schemas.microsoft.com/developer/msbuild/2003">
  <ItemGroup>
    <Filter Include="소스 파일">
      <UniqueIdentifier>{4FC737F1-C7A5-4376-A066-2A32D752A2FF}</UniqueIdentifier>
      <Extensions>cpp;c;cc;cxx;c++;cppm;ixx;def;odl;idl;hpj;bat;asm;asmx</Extensions>
    </Filter>
    <Filter Include="헤더 파일">
      <UniqueIdentifier>{93995380-89BD-4b04-88EB-625FBE52EBFB}</UniqueIdentifier>
      <Extensions>h;hh;hpp;hxx;h++;hm;inl;inc;ipp;xsd</Extensions>
    </Filter>
    <Filter Include="리소스 파일">
      <UniqueIdentifier>{67DA6AB6-F800-4c08-8B7A-83BB121AAD01}</UniqueIdentifier>
      <Extensions>rc;ico;cur;bmp;dlg;rc2;rct;bin;rgs;gif;jpg;jpeg;jpe;resx;tiff;tif;png;wav;mfcribbon-ms</Extensions>
    </Filter>
    <Filter Include="headers">
      <UniqueIdentifier>{81ddb4dd-7de6-4254-975f-115e5ad44946}</UniqueIdentifier>
    </Filter>
    <Filter Include="소스 파일\maze">
      <UniqueIdentifier>{d96d8731-86a3-41da-83e7-ed0fcfb9336a}</UniqueIdentifier>
    </Filter>
    <Filter Include="소스 파일\animated_model">
      <UniqueIdentifier>{ae744740-333e-4897-97d0-9125f0042fe3}</UniqueIdentifier>
    </Filter>
    <Filter Include="소스 파일\static_model">
      <UniqueIdentifier>{2db1ca46-62ce-4c0e-8d8d-9057b1eb07bf}</UniqueIdentifier>
    </Filter>
  </ItemGroup>
  <ItemGroup>
    <ClInclude Include="headers.h">
      <Filter>headers</Filter>
    </ClInclude>
    <ClInclude Include="maze.h">
      <Filter>소스 파일\maze</Filter>
    </ClInclude>
    <ClInclude Include="animated_model.h">
      <Filter>소스 파일\animated_model</Filter>
    </ClInclude>
    <ClInclude Include="static_model.h">
      <Filter>소스 파일\static_model</Filter>
    </ClInclude>
  </ItemGroup>
  <ItemGroup>
    <ClCompile Include="main.cpp">
      <Filter>소스 파일</Filter>
    </ClCompile>
    <ClCompile Include="maze.cpp">
      <Filter>소스 파일\maze</Filter>
    </ClCompile>
    <ClCompile Include="animated_model.cpp">
      <Filter>소스 파일\animated_model</Filter>
    </ClCompile>
    <ClCompile Include="static_model.cpp">
      <Filter>소스 파일\static_model</Filter>
    </ClCompile>
    <ClCompile Include="headers.cpp">
      <Filter>headers</Filter>
    </ClCompile>
  </ItemGroup>
  <ItemGroup>
    <None Include="animated_vertex.glsl">
      <Filter>헤더 파일</Filter>
    </None>
    <None Include="fragment.glsl">
      <Filter>헤더 파일</Filter>
    </None>
    <None Include="static_vertex.glsl">
      <Filter>헤더 파일</Filter>
    </None>
  </ItemGroup>
</Project>